
Microsoft Visual Studio Solution File, Format Version 12.00
# Visual Studio Version 17
VisualStudioVersion = 17.5.33516.290
MinimumVisualStudioVersion = 10.0.40219.1
Project("{9A19103F-16F7-4668-BE54-9A1E7A4F7556}") = "Ecommerce", "Ecommerce.csproj", "{15973258-7A32-43C9-8935-740342F7AD2A}"
EndProject
Project("{9A19103F-16F7-4668-BE54-9A1E7A4F7556}") = "Entities", "..\Entidades\Entities.csproj", "{F6AB8664-1F6A-4D3C-A7F1-0E44C6546366}"
EndProject
Project("{9A19103F-16F7-4668-BE54-9A1E7A4F7556}") = "Services", "..\Service\Services.csproj", "{AB3C74B3-F835-4EC1-ACDC-2EB0AB2F5BBA}"
EndProject
Project("{FAE04EC0-301F-11D3-BF4B-00C04F79EFBC}") = "WebApplication1", "..\WebApplication1\WebApplication1.csproj", "{F9B40430-F780-4BAD-8789-8270E3DEC886}"
EndProject
Project("{9A19103F-16F7-4668-BE54-9A1E7A4F7556}") = "MyAPI", "..\MyAP\MyAPI.csproj", "{8BDD2951-E92D-457A-BFDF-5BB6B99C66CB}"
EndProject
Global
	GlobalSection(SolutionConfigurationPlatforms) = preSolution
		Debug|Any CPU = Debug|Any CPU
		Release|Any CPU = Release|Any CPU
	EndGlobalSection
	GlobalSection(ProjectConfigurationPlatforms) = postSolution
		{15973258-7A32-43C9-8935-740342F7AD2A}.Debug|Any CPU.ActiveCfg = Debug|Any CPU
		{15973258-7A32-43C9-8935-740342F7AD2A}.Debug|Any CPU.Build.0 = Debug|Any CPU
		{15973258-7A32-43C9-8935-740342F7AD2A}.Release|Any CPU.ActiveCfg = Release|Any CPU
		{15973258-7A32-43C9-8935-740342F7AD2A}.Release|Any CPU.Build.0 = Release|Any CPU
		{F6AB8664-1F6A-4D3C-A7F1-0E44C6546366}.Debug|Any CPU.ActiveCfg = Debug|Any CPU
		{F6AB8664-1F6A-4D3C-A7F1-0E44C6546366}.Debug|Any CPU.Build.0 = Debug|Any CPU
		{F6AB8664-1F6A-4D3C-A7F1-0E44C6546366}.Release|Any CPU.ActiveCfg = Release|Any CPU
		{F6AB8664-1F6A-4D3C-A7F1-0E44C6546366}.Release|Any CPU.Build.0 = Release|Any CPU
		{AB3C74B3-F835-4EC1-ACDC-2EB0AB2F5BBA}.Debug|Any CPU.ActiveCfg = Debug|Any CPU
		{AB3C74B3-F835-4EC1-ACDC-2EB0AB2F5BBA}.Debug|Any CPU.Build.0 = Debug|Any CPU
		{AB3C74B3-F835-4EC1-ACDC-2EB0AB2F5BBA}.Release|Any CPU.ActiveCfg = Release|Any CPU
		{AB3C74B3-F835-4EC1-ACDC-2EB0AB2F5BBA}.Release|Any CPU.Build.0 = Release|Any CPU
		{F9B40430-F780-4BAD-8789-8270E3DEC886}.Debug|Any CPU.ActiveCfg = Debug|Any CPU
		{F9B40430-F780-4BAD-8789-8270E3DEC886}.Debug|Any CPU.Build.0 = Debug|Any CPU
		{F9B40430-F780-4BAD-8789-8270E3DEC886}.Release|Any CPU.ActiveCfg = Release|Any CPU
		{F9B40430-F780-4BAD-8789-8270E3DEC886}.Release|Any CPU.Build.0 = Release|Any CPU
		{8BDD2951-E92D-457A-BFDF-5BB6B99C66CB}.Debug|Any CPU.ActiveCfg = Debug|Any CPU
		{8BDD2951-E92D-457A-BFDF-5BB6B99C66CB}.Debug|Any CPU.Build.0 = Debug|Any CPU
		{8BDD2951-E92D-457A-BFDF-5BB6B99C66CB}.Release|Any CPU.ActiveCfg = Release|Any CPU
		{8BDD2951-E92D-457A-BFDF-5BB6B99C66CB}.Release|Any CPU.Build.0 = Release|Any CPU
	EndGlobalSection
	GlobalSection(SolutionProperties) = preSolution
		HideSolutionNode = FALSE
	EndGlobalSection
	GlobalSection(ExtensibilityGlobals) = postSolution
		SolutionGuid = {9C3E9998-BC5F-45C9-825F-B9B34A020ADA}
	EndGlobalSection
EndGlobal
